hash: 24099ca25c5d19753650e847cbd5b24a9c124c587e9a3c440965c2b5ae477136
updated: 2018-12-20T08:46:31.87623418+03:00
imports:
- name: github.com/golang/protobuf
  version: 1d3f30b51784bec5aad268e59fd3c2fc1c2fe73f
  subpackages:
  - proto
  - protoc-gen-go/descriptor
  - protoc-gen-go/plugin
testImports: []
